<Solution>
  <Folder Name="/capstone/" />
  <Folder Name="/capstone/reading-log/" />
  <Folder Name="/capstone/reading-log/Solution/">
    <Project Path="capstone/reading-log/Solution/ReadingLog.Api/ReadingLog.Api.csproj" />
    <Project Path="capstone/reading-log/Solution/ReadingLog.Cli/ReadingLog.Cli.csproj" />
    <Project Path="capstone/reading-log/Solution/ReadingLog.Core/ReadingLog.Core.csproj" />
    <Project Path="capstone/reading-log/Solution/ReadingLog.Storage.Json/ReadingLog.Storage.Json.csproj" />
  </Folder>
  <Folder Name="/capstone/reading-log/Starter/">
    <Project Path="capstone/reading-log/Starter/ReadingLog.Api/ReadingLog.Api.csproj" />
    <Project Path="capstone/reading-log/Starter/ReadingLog.Cli/ReadingLog.Cli.csproj" />
    <Project Path="capstone/reading-log/Starter/ReadingLog.Core/ReadingLog.Core.csproj" />
    <Project Path="capstone/reading-log/Starter/ReadingLog.Storage.Json/ReadingLog.Storage.Json.csproj" />
  </Folder>
  <Folder Name="/capstone/reading-log/Tests/">
    <Project Path="capstone/reading-log/Tests/ReadingLog.Tests.csproj" />
  </Folder>
  <Folder Name="/course/" />
  <Folder Name="/course/01-first-program/" />
  <Folder Name="/course/01-first-program/Practice/" />
  <Folder Name="/course/01-first-program/Practice/Solution/">
    <Project Path="course/01-first-program/Practice/Solution/FirstProgram.csproj" />
  </Folder>
  <Folder Name="/course/01-first-program/Practice/Starter/">
    <Project Path="course/01-first-program/Practice/Starter/FirstProgram.csproj" />
  </Folder>
  <Folder Name="/course/01-first-program/Practice/Tests/">
    <Project Path="course/01-first-program/Practice/Tests/FirstProgram.Tests.csproj" />
  </Folder>
  <Folder Name="/course/02-values-types-and-null/" />
  <Folder Name="/course/02-values-types-and-null/Practice/" />
  <Folder Name="/course/02-values-types-and-null/Practice/Solution/">
    <Project Path="course/02-values-types-and-null/Practice/Solution/ValuesTypesAndNull.csproj" />
  </Folder>
  <Folder Name="/course/02-values-types-and-null/Practice/Starter/">
    <Project Path="course/02-values-types-and-null/Practice/Starter/ValuesTypesAndNull.csproj" />
  </Folder>
  <Folder Name="/course/02-values-types-and-null/Practice/Tests/">
    <Project Path="course/02-values-types-and-null/Practice/Tests/ValuesTypesAndNull.Tests.csproj" />
  </Folder>
  <Folder Name="/course/03-decisions-and-repetition/" />
  <Folder Name="/course/03-decisions-and-repetition/Practice/" />
  <Folder Name="/course/03-decisions-and-repetition/Practice/Solution/">
    <Project Path="course/03-decisions-and-repetition/Practice/Solution/DecisionsAndRepetition.csproj" />
  </Folder>
  <Folder Name="/course/03-decisions-and-repetition/Practice/Starter/">
    <Project Path="course/03-decisions-and-repetition/Practice/Starter/DecisionsAndRepetition.csproj" />
  </Folder>
  <Folder Name="/course/03-decisions-and-repetition/Practice/Tests/">
    <Project Path="course/03-decisions-and-repetition/Practice/Tests/DecisionsAndRepetition.Tests.csproj" />
  </Folder>
  <Folder Name="/course/04-collections-and-iteration/" />
  <Folder Name="/course/04-collections-and-iteration/Practice/" />
  <Folder Name="/course/04-collections-and-iteration/Practice/Solution/">
    <Project Path="course/04-collections-and-iteration/Practice/Solution/CollectionsAndIteration.csproj" />
  </Folder>
  <Folder Name="/course/04-collections-and-iteration/Practice/Starter/">
    <Project Path="course/04-collections-and-iteration/Practice/Starter/CollectionsAndIteration.csproj" />
  </Folder>
  <Folder Name="/course/04-collections-and-iteration/Practice/Tests/">
    <Project Path="course/04-collections-and-iteration/Practice/Tests/CollectionsAndIteration.Tests.csproj" />
  </Folder>
  <Folder Name="/course/05-methods-errors-and-debugging/" />
  <Folder Name="/course/05-methods-errors-and-debugging/Practice/" />
  <Folder Name="/course/05-methods-errors-and-debugging/Practice/Solution/">
    <Project Path="course/05-methods-errors-and-debugging/Practice/Solution/MethodsErrorsAndDebugging.csproj" />
  </Folder>
  <Folder Name="/course/05-methods-errors-and-debugging/Practice/Starter/">
    <Project Path="course/05-methods-errors-and-debugging/Practice/Starter/MethodsErrorsAndDebugging.csproj" />
  </Folder>
  <Folder Name="/course/05-methods-errors-and-debugging/Practice/Tests/">
    <Project Path="course/05-methods-errors-and-debugging/Practice/Tests/MethodsErrorsAndDebugging.Tests.csproj" />
  </Folder>
  <Folder Name="/course/06-projects-solutions-and-builds/" />
  <Folder Name="/course/06-projects-solutions-and-builds/Practice/" />
  <Folder Name="/course/06-projects-solutions-and-builds/Practice/Solution/">
    <Project Path="course/06-projects-solutions-and-builds/Practice/Solution/ProjectsSolutionsBuildsPractice.csproj" />
  </Folder>
  <Folder Name="/course/06-projects-solutions-and-builds/Practice/Starter/">
    <Project Path="course/06-projects-solutions-and-builds/Practice/Starter/ProjectsSolutionsBuildsPractice.csproj" />
  </Folder>
  <Folder Name="/course/06-projects-solutions-and-builds/Practice/Tests/">
    <Project Path="course/06-projects-solutions-and-builds/Practice/Tests/ProjectsSolutionsBuildsPractice.Tests.csproj" />
  </Folder>
  <Folder Name="/course/06-projects-solutions-and-builds/Samples/" />
  <Folder Name="/course/06-projects-solutions-and-builds/Samples/ProjectWorkbench/">
    <Project Path="course/06-projects-solutions-and-builds/Samples/ProjectWorkbench/ProjectWorkbench.App/ProjectWorkbench.App.csproj" />
    <Project Path="course/06-projects-solutions-and-builds/Samples/ProjectWorkbench/ProjectWorkbench.Text/ProjectWorkbench.Text.csproj" />
  </Folder>
  <Folder Name="/course/07-modeling-data-and-behavior/" />
  <Folder Name="/course/07-modeling-data-and-behavior/Practice/" />
  <Folder Name="/course/07-modeling-data-and-behavior/Practice/Solution/">
    <Project Path="course/07-modeling-data-and-behavior/Practice/Solution/ModelingDataBehaviorPractice.csproj" />
  </Folder>
  <Folder Name="/course/07-modeling-data-and-behavior/Practice/Starter/">
    <Project Path="course/07-modeling-data-and-behavior/Practice/Starter/ModelingDataBehaviorPractice.csproj" />
  </Folder>
  <Folder Name="/course/07-modeling-data-and-behavior/Practice/Tests/">
    <Project Path="course/07-modeling-data-and-behavior/Practice/Tests/ModelingDataBehaviorPractice.Tests.csproj" />
  </Folder>
  <Folder Name="/course/07-modeling-data-and-behavior/Samples/">
    <Project Path="course/07-modeling-data-and-behavior/Samples/ReservationTracker/ReservationTracker.csproj" />
  </Folder>
  <Folder Name="/course/08-abstractions-generics-and-delegates/" />
  <Folder Name="/course/08-abstractions-generics-and-delegates/Practice/" />
  <Folder Name="/course/08-abstractions-generics-and-delegates/Practice/Solution/">
    <Project Path="course/08-abstractions-generics-and-delegates/Practice/Solution/AbstractionsGenericsDelegatesPractice.csproj" />
  </Folder>
  <Folder Name="/course/08-abstractions-generics-and-delegates/Practice/Starter/">
    <Project Path="course/08-abstractions-generics-and-delegates/Practice/Starter/AbstractionsGenericsDelegatesPractice.csproj" />
  </Folder>
  <Folder Name="/course/08-abstractions-generics-and-delegates/Practice/Tests/">
    <Project Path="course/08-abstractions-generics-and-delegates/Practice/Tests/AbstractionsGenericsDelegatesPractice.Tests.csproj" />
  </Folder>
  <Folder Name="/course/08-abstractions-generics-and-delegates/Samples/">
    <Project Path="course/08-abstractions-generics-and-delegates/Samples/CurationConsole/CurationConsole.csproj" />
  </Folder>
  <Folder Name="/course/09-linq-and-transformations/" />
  <Folder Name="/course/09-linq-and-transformations/Practice/" />
  <Folder Name="/course/09-linq-and-transformations/Practice/Solution/">
    <Project Path="course/09-linq-and-transformations/Practice/Solution/LinqTransformationsPractice.csproj" />
  </Folder>
  <Folder Name="/course/09-linq-and-transformations/Practice/Starter/">
    <Project Path="course/09-linq-and-transformations/Practice/Starter/LinqTransformationsPractice.csproj" />
  </Folder>
  <Folder Name="/course/09-linq-and-transformations/Practice/Tests/">
    <Project Path="course/09-linq-and-transformations/Practice/Tests/LinqTransformationsPractice.Tests.csproj" />
  </Folder>
  <Folder Name="/course/09-linq-and-transformations/Samples/">
    <Project Path="course/09-linq-and-transformations/Samples/ReadingProgressReport/ReadingProgressReport.csproj" />
  </Folder>
  <Folder Name="/course/10-testing-and-dependency-boundaries/" />
  <Folder Name="/course/10-testing-and-dependency-boundaries/Practice/" />
  <Folder Name="/course/10-testing-and-dependency-boundaries/Practice/Solution/">
    <Project Path="course/10-testing-and-dependency-boundaries/Practice/Solution/TestingDependencyBoundariesPractice.csproj" />
  </Folder>
  <Folder Name="/course/10-testing-and-dependency-boundaries/Practice/Starter/">
    <Project Path="course/10-testing-and-dependency-boundaries/Practice/Starter/TestingDependencyBoundariesPractice.csproj" />
  </Folder>
  <Folder Name="/course/10-testing-and-dependency-boundaries/Practice/Tests/">
    <Project Path="course/10-testing-and-dependency-boundaries/Practice/Tests/TestingDependencyBoundariesPractice.Tests.csproj" />
  </Folder>
  <Folder Name="/course/10-testing-and-dependency-boundaries/Samples/">
    <Project Path="course/10-testing-and-dependency-boundaries/Samples/ReminderBoundaryDemo.Tests/ReminderBoundaryDemo.Tests.csproj" />
    <Project Path="course/10-testing-and-dependency-boundaries/Samples/ReminderBoundaryDemo/ReminderBoundaryDemo.csproj" />
  </Folder>
  <Folder Name="/course/11-files-streams-and-json/" />
  <Folder Name="/course/11-files-streams-and-json/Practice/" />
  <Folder Name="/course/11-files-streams-and-json/Practice/Solution/">
    <Project Path="course/11-files-streams-and-json/Practice/Solution/RecipeStoragePractice/RecipeStoragePractice.csproj" />
  </Folder>
  <Folder Name="/course/11-files-streams-and-json/Practice/Starter/">
    <Project Path="course/11-files-streams-and-json/Practice/Starter/RecipeStoragePractice/RecipeStoragePractice.csproj" />
  </Folder>
  <Folder Name="/course/11-files-streams-and-json/Practice/Tests/">
    <Project Path="course/11-files-streams-and-json/Practice/Tests/RecipeStoragePractice.Tests/RecipeStoragePractice.Tests.csproj" />
  </Folder>
  <Folder Name="/course/11-files-streams-and-json/Samples/">
    <Project Path="course/11-files-streams-and-json/Samples/RecipeJournalSample/RecipeJournalSample.csproj" />
  </Folder>
  <Folder Name="/course/12-async-cancellation-and-concurrency/" />
  <Folder Name="/course/12-async-cancellation-and-concurrency/Practice/" />
  <Folder Name="/course/12-async-cancellation-and-concurrency/Practice/Solution/">
    <Project Path="course/12-async-cancellation-and-concurrency/Practice/Solution/AsyncWorkSchedulerPractice/AsyncWorkSchedulerPractice.csproj" />
  </Folder>
  <Folder Name="/course/12-async-cancellation-and-concurrency/Practice/Starter/">
    <Project Path="course/12-async-cancellation-and-concurrency/Practice/Starter/AsyncWorkSchedulerPractice/AsyncWorkSchedulerPractice.csproj" />
  </Folder>
  <Folder Name="/course/12-async-cancellation-and-concurrency/Practice/Tests/">
    <Project Path="course/12-async-cancellation-and-concurrency/Practice/Tests/AsyncWorkSchedulerPractice.Tests/AsyncWorkSchedulerPractice.Tests.csproj" />
  </Folder>
  <Folder Name="/course/12-async-cancellation-and-concurrency/Samples/">
    <Project Path="course/12-async-cancellation-and-concurrency/Samples/AsyncWorkSchedulerSample/AsyncWorkSchedulerSample.csproj" />
  </Folder>
  <Folder Name="/course/13-http-clients-and-minimal-apis/" />
  <Folder Name="/course/13-http-clients-and-minimal-apis/Practice/" />
  <Folder Name="/course/13-http-clients-and-minimal-apis/Practice/Solution/">
    <Project Path="course/13-http-clients-and-minimal-apis/Practice/Solution/ReadingListApi/ReadingListApi.csproj" />
    <Project Path="course/13-http-clients-and-minimal-apis/Practice/Solution/ReadingListClient/ReadingListClient.csproj" />
  </Folder>
  <Folder Name="/course/13-http-clients-and-minimal-apis/Practice/Starter/">
    <Project Path="course/13-http-clients-and-minimal-apis/Practice/Starter/ReadingListApi/ReadingListApi.csproj" />
    <Project Path="course/13-http-clients-and-minimal-apis/Practice/Starter/ReadingListClient/ReadingListClient.csproj" />
  </Folder>
  <Folder Name="/course/13-http-clients-and-minimal-apis/Practice/Tests/">
    <Project Path="course/13-http-clients-and-minimal-apis/Practice/Tests/ReadingListPractice.Tests/ReadingListPractice.Tests.csproj" />
  </Folder>
  <Folder Name="/course/13-http-clients-and-minimal-apis/Samples/">
    <Project Path="course/13-http-clients-and-minimal-apis/Samples/ReadingListApiSample/ReadingListApiSample.csproj" />
  </Folder>
  <Folder Name="/course/14-application-composition/" />
  <Folder Name="/course/14-application-composition/Practice/" />
  <Folder Name="/course/14-application-composition/Practice/Solution/">
    <Project Path="course/14-application-composition/Practice/Solution/ReadingLog.Application/ReadingLog.Application.csproj" />
    <Project Path="course/14-application-composition/Practice/Solution/ReadingLog.Cli/ReadingLog.Cli.csproj" />
    <Project Path="course/14-application-composition/Practice/Solution/ReadingLog.Domain/ReadingLog.Domain.csproj" />
  </Folder>
  <Folder Name="/course/14-application-composition/Practice/Starter/">
    <Project Path="course/14-application-composition/Practice/Starter/ReadingLog.Application/ReadingLog.Application.csproj" />
    <Project Path="course/14-application-composition/Practice/Starter/ReadingLog.Cli/ReadingLog.Cli.csproj" />
    <Project Path="course/14-application-composition/Practice/Starter/ReadingLog.Domain/ReadingLog.Domain.csproj" />
  </Folder>
  <Folder Name="/course/14-application-composition/Practice/Tests/">
    <Project Path="course/14-application-composition/Practice/Tests/ReadingLogComposition.Tests/ReadingLogComposition.Tests.csproj" />
  </Folder>
  <Folder Name="/course/14-application-composition/Samples/">
    <Project Path="course/14-application-composition/Samples/ReadingLogCliSample/ReadingLogCliSample.csproj" />
  </Folder>
  <Folder Name="/tools/">
    <Project Path="tools/CourseVerifier/CourseVerifier.csproj" />
  </Folder>
</Solution>
