<Solution>
  <Folder Name="/capstones/" />
  <Folder Name="/capstones/comparative/" />
  <Folder Name="/capstones/comparative/solution/">
    <Project Path="capstones/comparative/solution/ComparativeKv.Application/ComparativeKv.Application.csproj" />
    <Project Path="capstones/comparative/solution/ComparativeKv.Cli/ComparativeKv.Cli.csproj" />
    <Project Path="capstones/comparative/solution/ComparativeKv.Core/ComparativeKv.Core.csproj" />
    <Project Path="capstones/comparative/solution/ComparativeKv.Storage.Sqlite/ComparativeKv.Storage.Sqlite.csproj" />
  </Folder>
  <Folder Name="/capstones/comparative/starter/">
    <Project Path="capstones/comparative/starter/ComparativeKv.Application/ComparativeKv.Application.csproj" />
    <Project Path="capstones/comparative/starter/ComparativeKv.Cli/ComparativeKv.Cli.csproj" />
    <Project Path="capstones/comparative/starter/ComparativeKv.Core/ComparativeKv.Core.csproj" />
    <Project Path="capstones/comparative/starter/ComparativeKv.Storage.Sqlite/ComparativeKv.Storage.Sqlite.csproj" />
  </Folder>
  <Folder Name="/capstones/comparative/tests/">
    <Project Path="capstones/comparative/tests/ComparativeKv.ProcessSupport/ComparativeKv.ProcessSupport.csproj" />
    <Project Path="capstones/comparative/tests/ComparativeKv.Tests.csproj" />
  </Folder>
  <Folder Name="/capstones/idiomatic/" />
  <Folder Name="/capstones/idiomatic/solution/">
    <Project Path="capstones/idiomatic/solution/ReadingLog.Api/ReadingLog.Api.csproj" />
    <Project Path="capstones/idiomatic/solution/ReadingLog.Cli/ReadingLog.Cli.csproj" />
    <Project Path="capstones/idiomatic/solution/ReadingLog.Core/ReadingLog.Core.csproj" />
    <Project Path="capstones/idiomatic/solution/ReadingLog.Storage.Json/ReadingLog.Storage.Json.csproj" />
  </Folder>
  <Folder Name="/capstones/idiomatic/starter/">
    <Project Path="capstones/idiomatic/starter/ReadingLog.Api/ReadingLog.Api.csproj" />
    <Project Path="capstones/idiomatic/starter/ReadingLog.Cli/ReadingLog.Cli.csproj" />
    <Project Path="capstones/idiomatic/starter/ReadingLog.Core/ReadingLog.Core.csproj" />
    <Project Path="capstones/idiomatic/starter/ReadingLog.Storage.Json/ReadingLog.Storage.Json.csproj" />
  </Folder>
  <Folder Name="/capstones/idiomatic/tests/">
    <Project Path="capstones/idiomatic/tests/ReadingLog.Tests.csproj" />
  </Folder>
  <Folder Name="/exercises/" />
  <Folder Name="/exercises/01-first-program/" />
  <Folder Name="/exercises/01-first-program/solution/">
    <Project Path="exercises/01-first-program/solution/FirstProgram.csproj" />
  </Folder>
  <Folder Name="/exercises/01-first-program/starter/">
    <Project Path="exercises/01-first-program/starter/FirstProgram.csproj" />
  </Folder>
  <Folder Name="/exercises/01-first-program/tests/">
    <Project Path="exercises/01-first-program/tests/FirstProgram.Tests.csproj" />
  </Folder>
  <Folder Name="/exercises/02-values-types-and-null/" />
  <Folder Name="/exercises/02-values-types-and-null/solution/">
    <Project Path="exercises/02-values-types-and-null/solution/ValuesTypesAndNull.csproj" />
  </Folder>
  <Folder Name="/exercises/02-values-types-and-null/starter/">
    <Project Path="exercises/02-values-types-and-null/starter/ValuesTypesAndNull.csproj" />
  </Folder>
  <Folder Name="/exercises/02-values-types-and-null/tests/">
    <Project Path="exercises/02-values-types-and-null/tests/ValuesTypesAndNull.Tests.csproj" />
  </Folder>
  <Folder Name="/exercises/03-decisions-and-repetition/" />
  <Folder Name="/exercises/03-decisions-and-repetition/solution/">
    <Project Path="exercises/03-decisions-and-repetition/solution/DecisionsAndRepetition.csproj" />
  </Folder>
  <Folder Name="/exercises/03-decisions-and-repetition/starter/">
    <Project Path="exercises/03-decisions-and-repetition/starter/DecisionsAndRepetition.csproj" />
  </Folder>
  <Folder Name="/exercises/03-decisions-and-repetition/tests/">
    <Project Path="exercises/03-decisions-and-repetition/tests/DecisionsAndRepetition.Tests.csproj" />
  </Folder>
  <Folder Name="/exercises/04-collections-and-iteration/" />
  <Folder Name="/exercises/04-collections-and-iteration/solution/">
    <Project Path="exercises/04-collections-and-iteration/solution/CollectionsAndIteration.csproj" />
  </Folder>
  <Folder Name="/exercises/04-collections-and-iteration/starter/">
    <Project Path="exercises/04-collections-and-iteration/starter/CollectionsAndIteration.csproj" />
  </Folder>
  <Folder Name="/exercises/04-collections-and-iteration/tests/">
    <Project Path="exercises/04-collections-and-iteration/tests/CollectionsAndIteration.Tests.csproj" />
  </Folder>
  <Folder Name="/exercises/05-methods-errors-and-debugging/" />
  <Folder Name="/exercises/05-methods-errors-and-debugging/solution/">
    <Project Path="exercises/05-methods-errors-and-debugging/solution/MethodsErrorsAndDebugging.csproj" />
  </Folder>
  <Folder Name="/exercises/05-methods-errors-and-debugging/starter/">
    <Project Path="exercises/05-methods-errors-and-debugging/starter/MethodsErrorsAndDebugging.csproj" />
  </Folder>
  <Folder Name="/exercises/05-methods-errors-and-debugging/tests/">
    <Project Path="exercises/05-methods-errors-and-debugging/tests/MethodsErrorsAndDebugging.Tests.csproj" />
  </Folder>
  <Folder Name="/exercises/06-projects-solutions-and-builds/" />
  <Folder Name="/exercises/06-projects-solutions-and-builds/solution/">
    <Project Path="exercises/06-projects-solutions-and-builds/solution/ProjectsSolutionsBuildsPractice.csproj" />
  </Folder>
  <Folder Name="/exercises/06-projects-solutions-and-builds/starter/">
    <Project Path="exercises/06-projects-solutions-and-builds/starter/ProjectsSolutionsBuildsPractice.csproj" />
  </Folder>
  <Folder Name="/exercises/06-projects-solutions-and-builds/tests/">
    <Project Path="exercises/06-projects-solutions-and-builds/tests/ProjectsSolutionsBuildsPractice.Tests.csproj" />
  </Folder>
  <Folder Name="/exercises/07-modeling-data-and-behavior/" />
  <Folder Name="/exercises/07-modeling-data-and-behavior/solution/">
    <Project Path="exercises/07-modeling-data-and-behavior/solution/ModelingDataBehaviorPractice.csproj" />
  </Folder>
  <Folder Name="/exercises/07-modeling-data-and-behavior/starter/">
    <Project Path="exercises/07-modeling-data-and-behavior/starter/ModelingDataBehaviorPractice.csproj" />
  </Folder>
  <Folder Name="/exercises/07-modeling-data-and-behavior/tests/">
    <Project Path="exercises/07-modeling-data-and-behavior/tests/ModelingDataBehaviorPractice.Tests.csproj" />
  </Folder>
  <Folder Name="/exercises/08-abstractions-generics-and-delegates/" />
  <Folder Name="/exercises/08-abstractions-generics-and-delegates/solution/">
    <Project Path="exercises/08-abstractions-generics-and-delegates/solution/AbstractionsGenericsDelegatesPractice.csproj" />
  </Folder>
  <Folder Name="/exercises/08-abstractions-generics-and-delegates/starter/">
    <Project Path="exercises/08-abstractions-generics-and-delegates/starter/AbstractionsGenericsDelegatesPractice.csproj" />
  </Folder>
  <Folder Name="/exercises/08-abstractions-generics-and-delegates/tests/">
    <Project Path="exercises/08-abstractions-generics-and-delegates/tests/AbstractionsGenericsDelegatesPractice.Tests.csproj" />
  </Folder>
  <Folder Name="/exercises/09-linq-and-transformations/" />
  <Folder Name="/exercises/09-linq-and-transformations/solution/">
    <Project Path="exercises/09-linq-and-transformations/solution/LinqTransformationsPractice.csproj" />
  </Folder>
  <Folder Name="/exercises/09-linq-and-transformations/starter/">
    <Project Path="exercises/09-linq-and-transformations/starter/LinqTransformationsPractice.csproj" />
  </Folder>
  <Folder Name="/exercises/09-linq-and-transformations/tests/">
    <Project Path="exercises/09-linq-and-transformations/tests/LinqTransformationsPractice.Tests.csproj" />
  </Folder>
  <Folder Name="/exercises/10-testing-and-dependency-boundaries/" />
  <Folder Name="/exercises/10-testing-and-dependency-boundaries/solution/">
    <Project Path="exercises/10-testing-and-dependency-boundaries/solution/TestingDependencyBoundariesPractice.csproj" />
  </Folder>
  <Folder Name="/exercises/10-testing-and-dependency-boundaries/starter/">
    <Project Path="exercises/10-testing-and-dependency-boundaries/starter/TestingDependencyBoundariesPractice.csproj" />
  </Folder>
  <Folder Name="/exercises/10-testing-and-dependency-boundaries/tests/">
    <Project Path="exercises/10-testing-and-dependency-boundaries/tests/TestingDependencyBoundariesPractice.Tests.csproj" />
  </Folder>
  <Folder Name="/exercises/11-files-streams-and-json/" />
  <Folder Name="/exercises/11-files-streams-and-json/solution/">
    <Project Path="exercises/11-files-streams-and-json/solution/RecipeStoragePractice/RecipeStoragePractice.csproj" />
  </Folder>
  <Folder Name="/exercises/11-files-streams-and-json/starter/">
    <Project Path="exercises/11-files-streams-and-json/starter/RecipeStoragePractice/RecipeStoragePractice.csproj" />
  </Folder>
  <Folder Name="/exercises/11-files-streams-and-json/tests/">
    <Project Path="exercises/11-files-streams-and-json/tests/RecipeStoragePractice.Tests/RecipeStoragePractice.Tests.csproj" />
  </Folder>
  <Folder Name="/exercises/12-async-cancellation-and-concurrency/" />
  <Folder Name="/exercises/12-async-cancellation-and-concurrency/solution/">
    <Project Path="exercises/12-async-cancellation-and-concurrency/solution/AsyncWorkSchedulerPractice/AsyncWorkSchedulerPractice.csproj" />
  </Folder>
  <Folder Name="/exercises/12-async-cancellation-and-concurrency/starter/">
    <Project Path="exercises/12-async-cancellation-and-concurrency/starter/AsyncWorkSchedulerPractice/AsyncWorkSchedulerPractice.csproj" />
  </Folder>
  <Folder Name="/exercises/12-async-cancellation-and-concurrency/tests/">
    <Project Path="exercises/12-async-cancellation-and-concurrency/tests/AsyncWorkSchedulerPractice.Tests/AsyncWorkSchedulerPractice.Tests.csproj" />
  </Folder>
  <Folder Name="/exercises/13-sql-and-sqlite/" />
  <Folder Name="/exercises/13-sql-and-sqlite/solution/">
    <Project Path="exercises/13-sql-and-sqlite/solution/LibraryCatalogPractice/LibraryCatalogPractice.csproj" />
  </Folder>
  <Folder Name="/exercises/13-sql-and-sqlite/starter/">
    <Project Path="exercises/13-sql-and-sqlite/starter/LibraryCatalogPractice/LibraryCatalogPractice.csproj" />
  </Folder>
  <Folder Name="/exercises/13-sql-and-sqlite/tests/">
    <Project Path="exercises/13-sql-and-sqlite/tests/LibraryCatalogPractice.Tests/LibraryCatalogPractice.Tests.csproj" />
  </Folder>
  <Folder Name="/exercises/14-http-clients-and-minimal-apis/" />
  <Folder Name="/exercises/14-http-clients-and-minimal-apis/solution/">
    <Project Path="exercises/14-http-clients-and-minimal-apis/solution/ReadingListApi.Core/ReadingListApi.Core.csproj" />
    <Project Path="exercises/14-http-clients-and-minimal-apis/solution/ReadingListApi.Middleware/ReadingListApi.Middleware.csproj" />
    <Project Path="exercises/14-http-clients-and-minimal-apis/solution/ReadingListApi/ReadingListApi.csproj" />
    <Project Path="exercises/14-http-clients-and-minimal-apis/solution/ReadingListClient/ReadingListClient.csproj" />
  </Folder>
  <Folder Name="/exercises/14-http-clients-and-minimal-apis/starter/">
    <Project Path="exercises/14-http-clients-and-minimal-apis/starter/ReadingListApi.Core/ReadingListApi.Core.csproj" />
    <Project Path="exercises/14-http-clients-and-minimal-apis/starter/ReadingListApi.Middleware/ReadingListApi.Middleware.csproj" />
    <Project Path="exercises/14-http-clients-and-minimal-apis/starter/ReadingListApi/ReadingListApi.csproj" />
    <Project Path="exercises/14-http-clients-and-minimal-apis/starter/ReadingListClient/ReadingListClient.csproj" />
  </Folder>
  <Folder Name="/exercises/14-http-clients-and-minimal-apis/tests/">
    <Project Path="exercises/14-http-clients-and-minimal-apis/tests/ReadingListPractice.Tests/ReadingListPractice.Tests.csproj" />
  </Folder>
  <Folder Name="/exercises/15-application-composition/" />
  <Folder Name="/exercises/15-application-composition/solution/">
    <Project Path="exercises/15-application-composition/solution/ReadingLog.Application/ReadingLog.Application.csproj" />
    <Project Path="exercises/15-application-composition/solution/ReadingLog.Cli/ReadingLog.Cli.csproj" />
    <Project Path="exercises/15-application-composition/solution/ReadingLog.Domain/ReadingLog.Domain.csproj" />
  </Folder>
  <Folder Name="/exercises/15-application-composition/starter/">
    <Project Path="exercises/15-application-composition/starter/ReadingLog.Application/ReadingLog.Application.csproj" />
    <Project Path="exercises/15-application-composition/starter/ReadingLog.Cli/ReadingLog.Cli.csproj" />
    <Project Path="exercises/15-application-composition/starter/ReadingLog.Domain/ReadingLog.Domain.csproj" />
  </Folder>
  <Folder Name="/exercises/15-application-composition/tests/">
    <Project Path="exercises/15-application-composition/tests/ReadingLogComposition.Tests/ReadingLogComposition.Tests.csproj" />
  </Folder>
  <Folder Name="/lessons/" />
  <Folder Name="/lessons/06-projects-solutions-and-builds/" />
  <Folder Name="/lessons/06-projects-solutions-and-builds/ProjectWorkbench/">
    <Project Path="lessons/06-projects-solutions-and-builds/ProjectWorkbench/ProjectWorkbench.App/ProjectWorkbench.App.csproj" />
    <Project Path="lessons/06-projects-solutions-and-builds/ProjectWorkbench/ProjectWorkbench.Text/ProjectWorkbench.Text.csproj" />
  </Folder>
  <Folder Name="/lessons/07-modeling-data-and-behavior/" />
  <Folder Name="/lessons/07-modeling-data-and-behavior/ReservationTracker/">
    <Project Path="lessons/07-modeling-data-and-behavior/ReservationTracker/ReservationTracker.csproj" />
  </Folder>
  <Folder Name="/lessons/08-abstractions-generics-and-delegates/" />
  <Folder Name="/lessons/08-abstractions-generics-and-delegates/CurationConsole/">
    <Project Path="lessons/08-abstractions-generics-and-delegates/CurationConsole/CurationConsole.csproj" />
  </Folder>
  <Folder Name="/lessons/09-linq-and-transformations/" />
  <Folder Name="/lessons/09-linq-and-transformations/ReadingProgressReport/">
    <Project Path="lessons/09-linq-and-transformations/ReadingProgressReport/ReadingProgressReport.csproj" />
  </Folder>
  <Folder Name="/lessons/10-testing-and-dependency-boundaries/" />
  <Folder Name="/lessons/10-testing-and-dependency-boundaries/ReminderBoundaryDemo/">
    <Project Path="lessons/10-testing-and-dependency-boundaries/ReminderBoundaryDemo/ReminderBoundaryDemo.csproj" />
  </Folder>
  <Folder Name="/lessons/10-testing-and-dependency-boundaries/ReminderBoundaryDemo.Tests/">
    <Project Path="lessons/10-testing-and-dependency-boundaries/ReminderBoundaryDemo.Tests/ReminderBoundaryDemo.Tests.csproj" />
  </Folder>
  <Folder Name="/lessons/11-files-streams-and-json/" />
  <Folder Name="/lessons/11-files-streams-and-json/RecipeJournalSample/">
    <Project Path="lessons/11-files-streams-and-json/RecipeJournalSample/RecipeJournalSample.csproj" />
  </Folder>
  <Folder Name="/lessons/12-async-cancellation-and-concurrency/" />
  <Folder Name="/lessons/12-async-cancellation-and-concurrency/AsyncWorkSchedulerSample/">
    <Project Path="lessons/12-async-cancellation-and-concurrency/AsyncWorkSchedulerSample/AsyncWorkSchedulerSample.csproj" />
  </Folder>
  <Folder Name="/lessons/13-sql-and-sqlite/" />
  <Folder Name="/lessons/13-sql-and-sqlite/LibraryCatalogSample/">
    <Project Path="lessons/13-sql-and-sqlite/LibraryCatalogSample/LibraryCatalogSample.csproj" />
  </Folder>
  <Folder Name="/lessons/14-http-clients-and-minimal-apis/" />
  <Folder Name="/lessons/14-http-clients-and-minimal-apis/MiddlewareBookApiSample/">
    <Project Path="lessons/14-http-clients-and-minimal-apis/MiddlewareBookApiSample/MiddlewareBookApiSample.csproj" />
  </Folder>
  <Folder Name="/lessons/14-http-clients-and-minimal-apis/ReadingListApiSample/">
    <Project Path="lessons/14-http-clients-and-minimal-apis/ReadingListApiSample/ReadingListApiSample.csproj" />
  </Folder>
  <Folder Name="/lessons/15-application-composition/" />
  <Folder Name="/lessons/15-application-composition/ReadingLogCliSample/">
    <Project Path="lessons/15-application-composition/ReadingLogCliSample/ReadingLogCliSample.csproj" />
  </Folder>
  <Folder Name="/projects/" />
  <Folder Name="/projects/tasks/" />
  <Folder Name="/projects/tasks/solution/" />
  <Folder Name="/projects/tasks/solution/client/">
    <Project Path="projects/tasks/solution/client/Tasks.Cli/Tasks.Cli.csproj" />
    <Project Path="projects/tasks/solution/client/Tasks.Client/Tasks.Client.csproj" />
  </Folder>
  <Folder Name="/projects/tasks/solution/server/">
    <Project Path="projects/tasks/solution/server/Tasks.Server.Middleware/Tasks.Server.Middleware.csproj" />
    <Project Path="projects/tasks/solution/server/Tasks.Server.MinimalApi/Tasks.Server.MinimalApi.csproj" />
    <Project Path="projects/tasks/solution/server/Tasks.Server/Tasks.Server.csproj" />
  </Folder>
  <Folder Name="/projects/tasks/solution/shared/">
    <Project Path="projects/tasks/solution/shared/Tasks.Core/Tasks.Core.csproj" />
    <Project Path="projects/tasks/solution/shared/Tasks.Http/Tasks.Http.csproj" />
  </Folder>
  <Folder Name="/projects/tasks/starter/" />
  <Folder Name="/projects/tasks/starter/client/">
    <Project Path="projects/tasks/starter/client/Tasks.Cli/Tasks.Cli.csproj" />
    <Project Path="projects/tasks/starter/client/Tasks.Client/Tasks.Client.csproj" />
  </Folder>
  <Folder Name="/projects/tasks/starter/server/">
    <Project Path="projects/tasks/starter/server/Tasks.Server.Middleware/Tasks.Server.Middleware.csproj" />
    <Project Path="projects/tasks/starter/server/Tasks.Server.MinimalApi/Tasks.Server.MinimalApi.csproj" />
    <Project Path="projects/tasks/starter/server/Tasks.Server/Tasks.Server.csproj" />
  </Folder>
  <Folder Name="/projects/tasks/starter/shared/">
    <Project Path="projects/tasks/starter/shared/Tasks.Core/Tasks.Core.csproj" />
    <Project Path="projects/tasks/starter/shared/Tasks.Http/Tasks.Http.csproj" />
  </Folder>
  <Folder Name="/projects/tasks/tests/">
    <Project Path="projects/tasks/tests/Tasks.Tests/Tasks.Tests.csproj" />
  </Folder>
  <Folder Name="/tools/">
    <Project Path="tools/CourseVerifier/CourseVerifier.csproj" />
  </Folder>
</Solution>
